
Microsoft Visual Studio Solution File, Format Version 12.00
# Visual Studio 15
VisualStudioVersion = 15.0.27130.2036
MinimumVisualStudioVersion = 10.0.40219.1
Project("{FAE04EC0-301F-11D3-BF4B-00C04F79EFBC}") = "BlockFitter", "BlockFitter\BlockFitter.csproj", "{D781FF59-27C1-43A6-964F-3185796425DC}"
EndProject
Global
	GlobalSection(SolutionConfigurationPlatforms) = preSolution
		Debug|Any CPU = Debug|Any CPU
		Release|Any CPU = Release|Any CPU
	EndGlobalSection
	GlobalSection(ProjectConfigurationPlatforms) = postSolution
		{D781FF59-27C1-43A6-964F-3185796425DC}.Debug|Any CPU.ActiveCfg = Debug|Any CPU
		{D781FF59-27C1-43A6-964F-3185796425DC}.Debug|Any CPU.Build.0 = Debug|Any CPU
		{D781FF59-27C1-43A6-964F-3185796425DC}.Release|Any CPU.ActiveCfg = Release|Any CPU
		{D781FF59-27C1-43A6-964F-3185796425DC}.Release|Any CPU.Build.0 = Release|Any CPU
	EndGlobalSection
	GlobalSection(SolutionProperties) = preSolution
		HideSolutionNode = FALSE
	EndGlobalSection
	GlobalSection(ExtensibilityGlobals) = postSolution
		SolutionGuid = {4A970AB8-7C35-46C8-A50E-A7515536C2C7}
	EndGlobalSection
EndGlobal
